// !$*UTF8*$!
{
	archiveVersion = 1;
	classes = {
	};
	objectVersion = 48;
	objects = {

/* Begin PBXBuildFile section */
		B64E9FB11F3A119F0054D053 /* main.m in Sources */ = {isa = PBXBuildFile; fileRef = B64E9FB01F3A119F0054D053 /* main.m */; };
		B64E9FB91F3A11EF0054D053 /* House.m in Sources */ = {isa = PBXBuildFile; fileRef = B64E9FB81F3A11EF0054D053 /* House.m */; };
		B64E9FBC1F3A8BE00054D053 /* Book.m in Sources */ = {isa = PBXBuildFile; fileRef = B64E9FBB1F3A8BE00054D053 /* Book.m */; };
		B64E9FBF1F3B659E0054D053 /* Bedroom.m in Sources */ = {isa = PBXBuildFile; fileRef = B64E9FBE1F3B659E0054D053 /* Bedroom.m */; };
		B64E9FC21F3BF3730054D053 /* Person.m in Sources */ = {isa = PBXBuildFile; fileRef = B64E9FC11F3BF3730054D053 /* Person.m */; };
/* End PBXBuildFile section */

/* Begin PBXCopyFilesBuildPhase section */
		B64E9FAB1F3A119F0054D053 /* CopyFiles */ = {
			isa = PBXCopyFilesBuildPhase;
			buildActionMask = 2147483647;
			dstPath = /usr/share/man/man1/;
			dstSubfolderSpec = 0;
			files = (
			);
			runOnlyForDeploymentPostprocessing = 1;
		};
/* End PBXCopyFilesBuildPhase section */

/* Begin PBXFileReference section */
		B64E9FAD1F3A119F0054D053 /* House */ = {isa = PBXFileReference; explicitFileType = "compiled.mach-o.executable"; includeInIndex = 0; path = House; sourceTree = BUILT_PRODUCTS_DIR; };
		B64E9FB01F3A119F0054D053 /* main.m */ = {isa = PBXFileReference; lastKnownFileType = sourcecode.c.objc; path = main.m; sourceTree = "<group>"; };
		B64E9FB71F3A11EF0054D053 /* House.h */ = {isa = PBXFileReference; lastKnownFileType = sourcecode.c.h; path = House.h; sourceTree = "<group>"; };
		B64E9FB81F3A11EF0054D053 /* House.m */ = {isa = PBXFileReference; lastKnownFileType = sourcecode.c.objc; path = House.m; sourceTree = "<group>"; };
		B64E9FBA1F3A8BE00054D053 /* Book.h */ = {isa = PBXFileReference; lastKnownFileType = sourcecode.c.h; path = Book.h; sourceTree = "<group>"; };
		B64E9FBB1F3A8BE00054D053 /* Book.m */ = {isa = PBXFileReference; lastKnownFileType = sourcecode.c.objc; path = Book.m; sourceTree = "<group>"; };
		B64E9FBD1F3B659E0054D053 /* Bedroom.h */ = {isa = PBXFileReference; lastKnownFileType = sourcecode.c.h; path = Bedroom.h; sourceTree = "<group>"; };
		B64E9FBE1F3B659E0054D053 /* Bedroom.m */ = {isa = PBXFileReference; lastKnownFileType = sourcecode.c.objc; path = Bedroom.m; sourceTree = "<group>"; };
		B64E9FC01F3BF3730054D053 /* Person.h */ = {isa = PBXFileReference; lastKnownFileType = sourcecode.c.h; path = Person.h; sourceTree = "<group>"; };
		B64E9FC11F3BF3730054D053 /* Person.m */ = {isa = PBXFileReference; lastKnownFileType = sourcecode.c.objc; path = Person.m; sourceTree = "<group>"; };
/* End PBXFileReference section */

/* Begin PBXFrameworksBuildPhase section */
		B64E9FAA1F3A119F0054D053 /* Frameworks */ = {
			isa = PBXFrameworksBuildPhase;
			buildActionMask = 2147483647;
			files = (
			);
			runOnlyForDeploymentPostprocessing = 0;
		};
/* End PBXFrameworksBuildPhase section */

/* Begin PBXGroup section */
		B64E9FA41F3A119F0054D053 = {
			isa = PBXGroup;
			children = (
				B64E9FAF1F3A119F0054D053 /* House */,
				B64E9FAE1F3A119F0054D053 /* Products */,
			);
			sourceTree = "<group>";
		};
		B64E9FAE1F3A119F0054D053 /* Products */ = {
			isa = PBXGroup;
			children = (
				B64E9FAD1F3A119F0054D053 /* House */,
			);
			name = Products;
			sourceTree = "<group>";
		};
		B64E9FAF1F3A119F0054D053 /* House */ = {
			isa = PBXGroup;
			children = (
				B64E9FB01F3A119F0054D053 /* main.m */,
				B64E9FB71F3A11EF0054D053 /* House.h */,
				B64E9FB81F3A11EF0054D053 /* House.m */,
				B64E9FBA1F3A8BE00054D053 /* Book.h */,
				B64E9FBB1F3A8BE00054D053 /* Book.m */,
				B64E9FBD1F3B659E0054D053 /* Bedroom.h */,
				B64E9FBE1F3B659E0054D053 /* Bedroom.m */,
				B64E9FC01F3BF3730054D053 /* Person.h */,
				B64E9FC11F3BF3730054D053 /* Person.m */,
			);
			path = House;
			sourceTree = "<group>";
		};
/* End PBXGroup section */

/* Begin PBXNativeTarget section */
		B64E9FAC1F3A119F0054D053 /* House */ = {
			isa = PBXNativeTarget;
			buildConfigurationList = B64E9FB41F3A119F0054D053 /* Build configuration list for PBXNativeTarget "House" */;
			buildPhases = (
				B64E9FA91F3A119F0054D053 /* Sources */,
				B64E9FAA1F3A119F0054D053 /* Frameworks */,
				B64E9FAB1F3A119F0054D053 /* CopyFiles */,
			);
			buildRules = (
			);
			dependencies = (
			);
			name = House;
			productName = House;
			productReference = B64E9FAD1F3A119F0054D053 /* House */;
			productType = "com.apple.product-type.tool";
		};
/* End PBXNativeTarget section */

/* Begin PBXProject section */
		B64E9FA51F3A119F0054D053 /* Project object */ = {
			isa = PBXProject;
			attributes = {
				LastUpgradeCheck = 0900;
				ORGANIZATIONNAME = "Kelvin Leung";
				TargetAttributes = {
					B64E9FAC1F3A119F0054D053 = {
						CreatedOnToolsVersion = 9.0;
					};
				};
			};
			buildConfigurationList = B64E9FA81F3A119F0054D053 /* Build configuration list for PBXProject "House" */;
			compatibilityVersion = "Xcode 8.0";
			developmentRegion = en;
			hasScannedForEncodings = 0;
			knownRegions = (
				en,
			);
			mainGroup = B64E9FA41F3A119F0054D053;
			productRefGroup = B64E9FAE1F3A119F0054D053 /* Products */;
			projectDirPath = "";
			projectRoot = "";
			targets = (
				B64E9FAC1F3A119F0054D053 /* House */,
			);
		};
/* End PBXProject section */

/* Begin PBXSourcesBuildPhase section */
		B64E9FA91F3A119F0054D053 /* Sources */ = {
			isa = PBXSourcesBuildPhase;
			buildActionMask = 2147483647;
			files = (
				B64E9FBF1F3B659E0054D053 /* Bedroom.m in Sources */,
				B64E9FB91F3A11EF0054D053 /* House.m in Sources */,
				B64E9FC21F3BF3730054D053 /* Person.m in Sources */,
				B64E9FBC1F3A8BE00054D053 /* Book.m in Sources */,
				B64E9FB11F3A119F0054D053 /* main.m in Sources */,
			);
			runOnlyForDeploymentPostprocessing = 0;
		};
/* End PBXSourcesBuildPhase section */

/* Begin XCBuildConfiguration section */
		B64E9FB21F3A119F0054D053 /* Debug */ = {
			isa = XCBuildConfiguration;
			buildSettings = {
				ALWAYS_SEARCH_USER_PATHS = NO;
				CLANG_ANALYZER_NONNULL = YES;
				CLANG_ANALYZER_NUMBER_OBJECT_CONVERSION = YES_AGGRESSIVE;
				CLANG_CXX_LANGUAGE_STANDARD = "gnu++14";
				CLANG_CXX_LIBRARY = "libc++";
				CLANG_ENABLE_MODULES = YES;
				CLANG_ENABLE_OBJC_ARC = YES;
				CLANG_WARN_BLOCK_CAPTURE_AUTORELEASING = YES;
				CLANG_WARN_BOOL_CONVERSION = YES;
				CLANG_WARN_COMMA = YES;
				CLANG_WARN_CONSTANT_CONVERSION = YES;
				CLANG_WARN_DIRECT_OBJC_ISA_USAGE = YES_ERROR;
				CLANG_WARN_DOCUMENTATION_COMMENTS = YES;
				CLANG_WARN_EMPTY_BODY = YES;
				CLANG_WARN_ENUM_CONVERSION = YES;
				CLANG_WARN_INFINITE_RECURSION = YES;
				CLANG_WARN_INT_CONVERSION = YES;
				CLANG_WARN_NON_LITERAL_NULL_CONVERSION = YES;
				CLANG_WARN_OBJC_LITERAL_CONVERSION = YES;
				CLANG_WARN_OBJC_ROOT_CLASS = YES_ERROR;
				CLANG_WARN_RANGE_LOOP_ANALYSIS = YES;
				CLANG_WARN_STRICT_PROTOTYPES = YES;
				CLANG_WARN_SUSPICIOUS_MOVE = YES;
				CLANG_WARN_UNGUARDED_AVAILABILITY = YES_AGGRESSIVE;
				CLANG_WARN_UNREACHABLE_CODE = YES;
				CLANG_WARN__DUPLICATE_METHOD_MATCH = YES;
				CODE_SIGN_IDENTITY = "Mac Developer";
				COPY_PHASE_STRIP = NO;
				DEBUG_INFORMATION_FORMAT = dwarf;
				ENABLE_STRICT_OBJC_MSGSEND = YES;
				ENABLE_TESTABILITY = YES;
				GCC_C_LANGUAGE_STANDARD = gnu11;
				GCC_DYNAMIC_NO_PIC = NO;
				GCC_NO_COMMON_BLOCKS = YES;
				GCC_OPTIMIZATION_LEVEL = 0;
				GCC_PREPROCESSOR_DEFINITIONS = (
					"DEBUG=1",
					"$(inherited)",
				);
				GCC_WARN_64_TO_32_BIT_CONVERSION = YES;
				GCC_WARN_ABOUT_RETURN_TYPE = YES_ERROR;
				GCC_WARN_UNDECLARED_SELECTOR = YES;
				GCC_WARN_UNINITIALIZED_AUTOS = YES_AGGRESSIVE;
				GCC_WARN_UNUSED_FUNCTION = YES;
				GCC_WARN_UNUSED_VARIABLE = YES;
				MACOSX_DEPLOYMENT_TARGET = 10.12;
				MTL_ENABLE_DEBUG_INFO = YES;
				ONLY_ACTIVE_ARCH = YES;
				SDKROOT = macosx;
			};
			name = Debug;
		};
		B64E9FB31F3A119F0054D053 /* Release */ = {
			isa = XCBuildConfiguration;
			buildSettings = {
				ALWAYS_SEARCH_USER_PATHS = NO;
				CLANG_ANALYZER_NONNULL = YES;
				CLANG_ANALYZER_NUMBER_OBJECT_CONVERSION = YES_AGGRESSIVE;
				CLANG_CXX_LANGUAGE_STANDARD = "gnu++14";
				CLANG_CXX_LIBRARY = "libc++";
				CLANG_ENABLE_MODULES = YES;
				CLANG_ENABLE_OBJC_ARC = YES;
				CLANG_WARN_BLOCK_CAPTURE_AUTORELEASING = YES;
				CLANG_WARN_BOOL_CONVERSION = YES;
				CLANG_WARN_COMMA = YES;
				CLANG_WARN_CONSTANT_CONVERSION = YES;
				CLANG_WARN_DIRECT_OBJC_ISA_USAGE = YES_ERROR;
				CLANG_WARN_DOCUMENTATION_COMMENTS = YES;
				CLANG_WARN_EMPTY_BODY = YES;
				CLANG_WARN_ENUM_CONVERSION = YES;
				CLANG_WARN_INFINITE_RECURSION = YES;
				CLANG_WARN_INT_CONVERSION = YES;
				CLANG_WARN_NON_LITERAL_NULL_CONVERSION = YES;
				CLANG_WARN_OBJC_LITERAL_CONVERSION = YES;
				CLANG_WARN_OBJC_ROOT_CLASS = YES_ERROR;
				CLANG_WARN_RANGE_LOOP_ANALYSIS = YES;
				CLANG_WARN_STRICT_PROTOTYPES = YES;
				CLANG_WARN_SUSPICIOUS_MOVE = YES;
				CLANG_WARN_UNGUARDED_AVAILABILITY = YES_AGGRESSIVE;
				CLANG_WARN_UNREACHABLE_CODE = YES;
				CLANG_WARN__DUPLICATE_METHOD_MATCH = YES;
				CODE_SIGN_IDENTITY = "Mac Developer";
				COPY_PHASE_STRIP = NO;
				DEBUG_INFORMATION_FORMAT = "dwarf-with-dsym";
				ENABLE_NS_ASSERTIONS = NO;
				ENABLE_STRICT_OBJC_MSGSEND = YES;
				GCC_C_LANGUAGE_STANDARD = gnu11;
				GCC_NO_COMMON_BLOCKS = YES;
				GCC_WARN_64_TO_32_BIT_CONVERSION = YES;
				GCC_WARN_ABOUT_RETURN_TYPE = YES_ERROR;
				GCC_WARN_UNDECLARED_SELECTOR = YES;
				GCC_WARN_UNINITIALIZED_AUTOS = YES_AGGRESSIVE;
				GCC_WARN_UNUSED_FUNCTION = YES;
				GCC_WARN_UNUSED_VARIABLE = YES;
				MACOSX_DEPLOYMENT_TARGET = 10.12;
				MTL_ENABLE_DEBUG_INFO = NO;
				SDKROOT = macosx;
			};
			name = Release;
		};
		B64E9FB51F3A119F0054D053 /* Debug */ = {
			isa = XCBuildConfiguration;
			buildSettings = {
				DEVELOPMENT_TEAM = 3Q3S672A6H;
				PRODUCT_NAME = "$(TARGET_NAME)";
			};
			name = Debug;
		};
		B64E9FB61F3A119F0054D053 /* Release */ = {
			isa = XCBuildConfiguration;
			buildSettings = {
				DEVELOPMENT_TEAM = 3Q3S672A6H;
				PRODUCT_NAME = "$(TARGET_NAME)";
			};
			name = Release;
		};
/* End XCBuildConfiguration section */

/* Begin XCConfigurationList section */
		B64E9FA81F3A119F0054D053 /* Build configuration list for PBXProject "House" */ = {
			isa = XCConfigurationList;
			buildConfigurations = (
				B64E9FB21F3A119F0054D053 /* Debug */,
				B64E9FB31F3A119F0054D053 /* Release */,
			);
			defaultConfigurationIsVisible = 0;
			defaultConfigurationName = Release;
		};
		B64E9FB41F3A119F0054D053 /* Build configuration list for PBXNativeTarget "House" */ = {
			isa = XCConfigurationList;
			buildConfigurations = (
				B64E9FB51F3A119F0054D053 /* Debug */,
				B64E9FB61F3A119F0054D053 /* Release */,
			);
			defaultConfigurationIsVisible = 0;
			defaultConfigurationName = Release;
		};
/* End XCConfigurationList section */
	};
	rootObject = B64E9FA51F3A119F0054D053 /* Project object */;
}
